// !$*UTF8*$!
{
	archiveVersion = 1;
	classes = {
	};
	objectVersion = 50;
	objects = {

/* Begin PBXBuildFile section */
		871E447C247EB47B005671D1 /* AppDelegate.swift in Sources */ = {isa = PBXBuildFile; fileRef = 871E447B247EB47B005671D1 /* AppDelegate.swift */; };
		871E447E247EB47B005671D1 /* SceneDelegate.swift in Sources */ = {isa = PBXBuildFile; fileRef = 871E447D247EB47B005671D1 /* SceneDelegate.swift */; };
		871E4480247EB47B005671D1 /* ViewController.swift in Sources */ = {isa = PBXBuildFile; fileRef = 871E447F247EB47B005671D1 /* ViewController.swift */; };
		871E4483247EB47B005671D1 /* Main.storyboard in Resources */ = {isa = PBXBuildFile; fileRef = 871E4481247EB47B005671D1 /* Main.storyboard */; };
		871E4485247EB47C005671D1 /* Assets.xcassets in Resources */ = {isa = PBXBuildFile; fileRef = 871E4484247EB47C005671D1 /* Assets.xcassets */; };
		871E4488247EB47C005671D1 /* LaunchScreen.storyboard in Resources */ = {isa = PBXBuildFile; fileRef = 871E4486247EB47C005671D1 /* LaunchScreen.storyboard */; };
		875403F424A8EB65004D04C2 /* RamdomUserProvider.swift in Sources */ = {isa = PBXBuildFile; fileRef = 875403F324A8EB65004D04C2 /* RamdomUserProvider.swift */; };
		8775847624B01CA80094976F /* Kiss.framework in Frameworks */ = {isa = PBXBuildFile; fileRef = 8775847524B01CA80094976F /* Kiss.framework */; };
		8775847724B01CA80094976F /* Kiss.framework in Embed Frameworks */ = {isa = PBXBuildFile; fileRef = 8775847524B01CA80094976F /* Kiss.framework */; settings = {ATTRIBUTES = (CodeSignOnCopy, RemoveHeadersOnCopy, ); }; };
		8775848424B162FF0094976F /* RatingView.swift in Sources */ = {isa = PBXBuildFile; fileRef = 8775848324B162FF0094976F /* RatingView.swift */; };
		8775848824B21FB40094976F /* UserKissCell.swift in Sources */ = {isa = PBXBuildFile; fileRef = 8775848724B21FB40094976F /* UserKissCell.swift */; };
		87F136DF24AAA516006DFBEF /* Common.swift in Sources */ = {isa = PBXBuildFile; fileRef = 87F136DE24AAA516006DFBEF /* Common.swift */; };
/* End PBXBuildFile section */

/* Begin PBXCopyFilesBuildPhase section */
		8775847824B01CA80094976F /* Embed Frameworks */ = {
			isa = PBXCopyFilesBuildPhase;
			buildActionMask = 2147483647;
			dstPath = "";
			dstSubfolderSpec = 10;
			files = (
				8775847724B01CA80094976F /* Kiss.framework in Embed Frameworks */,
			);
			name = "Embed Frameworks";
			runOnlyForDeploymentPostprocessing = 0;
		};
/* End PBXCopyFilesBuildPhase section */

/* Begin PBXFileReference section */
		871E4478247EB47B005671D1 /* Sample.app */ = {isa = PBXFileReference; explicitFileType = wrapper.application; includeInIndex = 0; path = Sample.app; sourceTree = BUILT_PRODUCTS_DIR; };
		871E447B247EB47B005671D1 /* AppDelegate.swift */ = {isa = PBXFileReference; lastKnownFileType = sourcecode.swift; path = AppDelegate.swift; sourceTree = "<group>"; };
		871E447D247EB47B005671D1 /* SceneDelegate.swift */ = {isa = PBXFileReference; lastKnownFileType = sourcecode.swift; path = SceneDelegate.swift; sourceTree = "<group>"; };
		871E447F247EB47B005671D1 /* ViewController.swift */ = {isa = PBXFileReference; lastKnownFileType = sourcecode.swift; path = ViewController.swift; sourceTree = "<group>"; };
		871E4482247EB47B005671D1 /* Base */ = {isa = PBXFileReference; lastKnownFileType = file.storyboard; name = Base; path = Base.lproj/Main.storyboard; sourceTree = "<group>"; };
		871E4484247EB47C005671D1 /* Assets.xcassets */ = {isa = PBXFileReference; lastKnownFileType = folder.assetcatalog; path = Assets.xcassets; sourceTree = "<group>"; };
		871E4487247EB47C005671D1 /* Base */ = {isa = PBXFileReference; lastKnownFileType = file.storyboard; name = Base; path = Base.lproj/LaunchScreen.storyboard; sourceTree = "<group>"; };
		871E4489247EB47C005671D1 /* Info.plist */ = {isa = PBXFileReference; lastKnownFileType = text.plist.xml; path = Info.plist; sourceTree = "<group>"; };
		871E4490247EB4C0005671D1 /* KissUI_Lib.framework */ = {isa = PBXFileReference; explicitFileType = wrapper.framework; path = KissUI_Lib.framework; sourceTree = BUILT_PRODUCTS_DIR; };
		871E4496247EB63D005671D1 /* KissUI.framework */ = {isa = PBXFileReference; explicitFileType = wrapper.framework; path = KissUI.framework; sourceTree = BUILT_PRODUCTS_DIR; };
		875403F324A8EB65004D04C2 /* RamdomUserProvider.swift */ = {isa = PBXFileReference; fileEncoding = 4; lastKnownFileType = sourcecode.swift; path = RamdomUserProvider.swift; sourceTree = "<group>"; };
		8775847524B01CA80094976F /* Kiss.framework */ = {isa = PBXFileReference; explicitFileType = wrapper.framework; path = Kiss.framework; sourceTree = BUILT_PRODUCTS_DIR; };
		8775848324B162FF0094976F /* RatingView.swift */ = {isa = PBXFileReference; lastKnownFileType = sourcecode.swift; path = RatingView.swift; sourceTree = "<group>"; };
		8775848724B21FB40094976F /* UserKissCell.swift */ = {isa = PBXFileReference; lastKnownFileType = sourcecode.swift; path = UserKissCell.swift; sourceTree = "<group>"; };
		87F136DE24AAA516006DFBEF /* Common.swift */ = {isa = PBXFileReference; lastKnownFileType = sourcecode.swift; path = Common.swift; sourceTree = "<group>"; };
/* End PBXFileReference section */

/* Begin PBXFrameworksBuildPhase section */
		871E4475247EB47B005671D1 /* Frameworks */ = {
			isa = PBXFrameworksBuildPhase;
			buildActionMask = 2147483647;
			files = (
				8775847624B01CA80094976F /* Kiss.framework in Frameworks */,
			);
			runOnlyForDeploymentPostprocessing = 0;
		};
/* End PBXFrameworksBuildPhase section */

/* Begin PBXGroup section */
		871E446F247EB47B005671D1 = {
			isa = PBXGroup;
			children = (
				871E447A247EB47B005671D1 /* Source */,
				871E4479247EB47B005671D1 /* Products */,
				871E448F247EB4C0005671D1 /* Frameworks */,
			);
			sourceTree = "<group>";
		};
		871E4479247EB47B005671D1 /* Products */ = {
			isa = PBXGroup;
			children = (
				871E4478247EB47B005671D1 /* Sample.app */,
			);
			name = Products;
			sourceTree = "<group>";
		};
		871E447A247EB47B005671D1 /* Source */ = {
			isa = PBXGroup;
			children = (
				871E447B247EB47B005671D1 /* AppDelegate.swift */,
				871E447D247EB47B005671D1 /* SceneDelegate.swift */,
				871E447F247EB47B005671D1 /* ViewController.swift */,
				875403F324A8EB65004D04C2 /* RamdomUserProvider.swift */,
				871E4481247EB47B005671D1 /* Main.storyboard */,
				871E4484247EB47C005671D1 /* Assets.xcassets */,
				871E4486247EB47C005671D1 /* LaunchScreen.storyboard */,
				871E4489247EB47C005671D1 /* Info.plist */,
				87F136DE24AAA516006DFBEF /* Common.swift */,
				8775848324B162FF0094976F /* RatingView.swift */,
				8775848724B21FB40094976F /* UserKissCell.swift */,
			);
			path = Source;
			sourceTree = "<group>";
		};
		871E448F247EB4C0005671D1 /* Frameworks */ = {
			isa = PBXGroup;
			children = (
				8775847524B01CA80094976F /* Kiss.framework */,
				871E4496247EB63D005671D1 /* KissUI.framework */,
				871E4490247EB4C0005671D1 /* KissUI_Lib.framework */,
			);
			name = Frameworks;
			sourceTree = "<group>";
		};
/* End PBXGroup section */

/* Begin PBXNativeTarget section */
		871E4477247EB47B005671D1 /* Sample */ = {
			isa = PBXNativeTarget;
			buildConfigurationList = 871E448C247EB47C005671D1 /* Build configuration list for PBXNativeTarget "Sample" */;
			buildPhases = (
				871E4474247EB47B005671D1 /* Sources */,
				871E4475247EB47B005671D1 /* Frameworks */,
				871E4476247EB47B005671D1 /* Resources */,
				8775847824B01CA80094976F /* Embed Frameworks */,
			);
			buildRules = (
			);
			dependencies = (
			);
			name = Sample;
			productName = "Kiss-Sample";
			productReference = 871E4478247EB47B005671D1 /* Sample.app */;
			productType = "com.apple.product-type.application";
		};
/* End PBXNativeTarget section */

/* Begin PBXProject section */
		871E4470247EB47B005671D1 /* Project object */ = {
			isa = PBXProject;
			attributes = {
				LastSwiftUpdateCheck = 1150;
				LastUpgradeCheck = 1150;
				ORGANIZATIONNAME = trungnguyenthien;
				TargetAttributes = {
					871E4477247EB47B005671D1 = {
						CreatedOnToolsVersion = 11.5;
					};
				};
			};
			buildConfigurationList = 871E4473247EB47B005671D1 /* Build configuration list for PBXProject "Sample" */;
			compatibilityVersion = "Xcode 9.3";
			developmentRegion = en;
			hasScannedForEncodings = 0;
			knownRegions = (
				en,
				Base,
			);
			mainGroup = 871E446F247EB47B005671D1;
			productRefGroup = 871E4479247EB47B005671D1 /* Products */;
			projectDirPath = "";
			projectRoot = "";
			targets = (
				871E4477247EB47B005671D1 /* Sample */,
			);
		};
/* End PBXProject section */

/* Begin PBXResourcesBuildPhase section */
		871E4476247EB47B005671D1 /* Resources */ = {
			isa = PBXResourcesBuildPhase;
			buildActionMask = 2147483647;
			files = (
				871E4488247EB47C005671D1 /* LaunchScreen.storyboard in Resources */,
				871E4485247EB47C005671D1 /* Assets.xcassets in Resources */,
				871E4483247EB47B005671D1 /* Main.storyboard in Resources */,
			);
			runOnlyForDeploymentPostprocessing = 0;
		};
/* End PBXResourcesBuildPhase section */

/* Begin PBXSourcesBuildPhase section */
		871E4474247EB47B005671D1 /* Sources */ = {
			isa = PBXSourcesBuildPhase;
			buildActionMask = 2147483647;
			files = (
				871E4480247EB47B005671D1 /* ViewController.swift in Sources */,
				871E447C247EB47B005671D1 /* AppDelegate.swift in Sources */,
				871E447E247EB47B005671D1 /* SceneDelegate.swift in Sources */,
				8775848424B162FF0094976F /* RatingView.swift in Sources */,
				87F136DF24AAA516006DFBEF /* Common.swift in Sources */,
				8775848824B21FB40094976F /* UserKissCell.swift in Sources */,
				875403F424A8EB65004D04C2 /* RamdomUserProvider.swift in Sources */,
			);
			runOnlyForDeploymentPostprocessing = 0;
		};
/* End PBXSourcesBuildPhase section */

/* Begin PBXVariantGroup section */
		871E4481247EB47B005671D1 /* Main.storyboard */ = {
			isa = PBXVariantGroup;
			children = (
				871E4482247EB47B005671D1 /* Base */,
			);
			name = Main.storyboard;
			sourceTree = "<group>";
		};
		871E4486247EB47C005671D1 /* LaunchScreen.storyboard */ = {
			isa = PBXVariantGroup;
			children = (
				871E4487247EB47C005671D1 /* Base */,
			);
			name = LaunchScreen.storyboard;
			sourceTree = "<group>";
		};
/* End PBXVariantGroup section */

/* Begin XCBuildConfiguration section */
		871E448A247EB47C005671D1 /* Debug */ = {
			isa = XCBuildConfiguration;
			buildSettings = {
				ALWAYS_SEARCH_USER_PATHS = NO;
				CLANG_ANALYZER_NONNULL = YES;
				CLANG_ANALYZER_NUMBER_OBJECT_CONVERSION = YES_AGGRESSIVE;
				CLANG_CXX_LANGUAGE_STANDARD = "gnu++14";
				CLANG_CXX_LIBRARY = "libc++";
				CLANG_ENABLE_MODULES = YES;
				CLANG_ENABLE_OBJC_ARC = YES;
				CLANG_ENABLE_OBJC_WEAK = YES;
				CLANG_WARN_BLOCK_CAPTURE_AUTORELEASING = YES;
				CLANG_WARN_BOOL_CONVERSION = YES;
				CLANG_WARN_COMMA = YES;
				CLANG_WARN_CONSTANT_CONVERSION = YES;
				CLANG_WARN_DEPRECATED_OBJC_IMPLEMENTATIONS = YES;
				CLANG_WARN_DIRECT_OBJC_ISA_USAGE = YES_ERROR;
				CLANG_WARN_DOCUMENTATION_COMMENTS = YES;
				CLANG_WARN_EMPTY_BODY = YES;
				CLANG_WARN_ENUM_CONVERSION = YES;
				CLANG_WARN_INFINITE_RECURSION = YES;
				CLANG_WARN_INT_CONVERSION = YES;
				CLANG_WARN_NON_LITERAL_NULL_CONVERSION = YES;
				CLANG_WARN_OBJC_IMPLICIT_RETAIN_SELF = YES;
				CLANG_WARN_OBJC_LITERAL_CONVERSION = YES;
				CLANG_WARN_OBJC_ROOT_CLASS = YES_ERROR;
				CLANG_WARN_RANGE_LOOP_ANALYSIS = YES;
				CLANG_WARN_STRICT_PROTOTYPES = YES;
				CLANG_WARN_SUSPICIOUS_MOVE = YES;
				CLANG_WARN_UNGUARDED_AVAILABILITY = YES_AGGRESSIVE;
				CLANG_WARN_UNREACHABLE_CODE = YES;
				CLANG_WARN__DUPLICATE_METHOD_MATCH = YES;
				COPY_PHASE_STRIP = NO;
				DEBUG_INFORMATION_FORMAT = dwarf;
				ENABLE_STRICT_OBJC_MSGSEND = YES;
				ENABLE_TESTABILITY = YES;
				GCC_C_LANGUAGE_STANDARD = gnu11;
				GCC_DYNAMIC_NO_PIC = NO;
				GCC_NO_COMMON_BLOCKS = YES;
				GCC_OPTIMIZATION_LEVEL = 0;
				GCC_PREPROCESSOR_DEFINITIONS = (
					"DEBUG=1",
					"$(inherited)",
				);
				GCC_WARN_64_TO_32_BIT_CONVERSION = YES;
				GCC_WARN_ABOUT_RETURN_TYPE = YES_ERROR;
				GCC_WARN_UNDECLARED_SELECTOR = YES;
				GCC_WARN_UNINITIALIZED_AUTOS = YES_AGGRESSIVE;
				GCC_WARN_UNUSED_FUNCTION = YES;
				GCC_WARN_UNUSED_VARIABLE = YES;
				IPHONEOS_DEPLOYMENT_TARGET = 13.5;
				MTL_ENABLE_DEBUG_INFO = INCLUDE_SOURCE;
				MTL_FAST_MATH = YES;
				ONLY_ACTIVE_ARCH = YES;
				SDKROOT = iphoneos;
				SWIFT_ACTIVE_COMPILATION_CONDITIONS = DEBUG;
				SWIFT_OPTIMIZATION_LEVEL = "-Onone";
			};
			name = Debug;
		};
		871E448B247EB47C005671D1 /* Release */ = {
			isa = XCBuildConfiguration;
			buildSettings = {
				ALWAYS_SEARCH_USER_PATHS = NO;
				CLANG_ANALYZER_NONNULL = YES;
				CLANG_ANALYZER_NUMBER_OBJECT_CONVERSION = YES_AGGRESSIVE;
				CLANG_CXX_LANGUAGE_STANDARD = "gnu++14";
				CLANG_CXX_LIBRARY = "libc++";
				CLANG_ENABLE_MODULES = YES;
				CLANG_ENABLE_OBJC_ARC = YES;
				CLANG_ENABLE_OBJC_WEAK = YES;
				CLANG_WARN_BLOCK_CAPTURE_AUTORELEASING = YES;
				CLANG_WARN_BOOL_CONVERSION = YES;
				CLANG_WARN_COMMA = YES;
				CLANG_WARN_CONSTANT_CONVERSION = YES;
				CLANG_WARN_DEPRECATED_OBJC_IMPLEMENTATIONS = YES;
				CLANG_WARN_DIRECT_OBJC_ISA_USAGE = YES_ERROR;
				CLANG_WARN_DOCUMENTATION_COMMENTS = YES;
				CLANG_WARN_EMPTY_BODY = YES;
				CLANG_WARN_ENUM_CONVERSION = YES;
				CLANG_WARN_INFINITE_RECURSION = YES;
				CLANG_WARN_INT_CONVERSION = YES;
				CLANG_WARN_NON_LITERAL_NULL_CONVERSION = YES;
				CLANG_WARN_OBJC_IMPLICIT_RETAIN_SELF = YES;
				CLANG_WARN_OBJC_LITERAL_CONVERSION = YES;
				CLANG_WARN_OBJC_ROOT_CLASS = YES_ERROR;
				CLANG_WARN_RANGE_LOOP_ANALYSIS = YES;
				CLANG_WARN_STRICT_PROTOTYPES = YES;
				CLANG_WARN_SUSPICIOUS_MOVE = YES;
				CLANG_WARN_UNGUARDED_AVAILABILITY = YES_AGGRESSIVE;
				CLANG_WARN_UNREACHABLE_CODE = YES;
				CLANG_WARN__DUPLICATE_METHOD_MATCH = YES;
				COPY_PHASE_STRIP = NO;
				DEBUG_INFORMATION_FORMAT = "dwarf-with-dsym";
				ENABLE_NS_ASSERTIONS = NO;
				ENABLE_STRICT_OBJC_MSGSEND = YES;
				GCC_C_LANGUAGE_STANDARD = gnu11;
				GCC_NO_COMMON_BLOCKS = YES;
				GCC_WARN_64_TO_32_BIT_CONVERSION = YES;
				GCC_WARN_ABOUT_RETURN_TYPE = YES_ERROR;
				GCC_WARN_UNDECLARED_SELECTOR = YES;
				GCC_WARN_UNINITIALIZED_AUTOS = YES_AGGRESSIVE;
				GCC_WARN_UNUSED_FUNCTION = YES;
				GCC_WARN_UNUSED_VARIABLE = YES;
				IPHONEOS_DEPLOYMENT_TARGET = 13.5;
				MTL_ENABLE_DEBUG_INFO = NO;
				MTL_FAST_MATH = YES;
				SDKROOT = iphoneos;
				SWIFT_COMPILATION_MODE = wholemodule;
				SWIFT_OPTIMIZATION_LEVEL = "-O";
				VALIDATE_PRODUCT = YES;
			};
			name = Release;
		};
		871E448D247EB47C005671D1 /* Debug */ = {
			isa = XCBuildConfiguration;
			buildSettings = {
				ASSETCATALOG_COMPILER_APPICON_NAME = AppIcon;
				CODE_SIGN_STYLE = Automatic;
				DEVELOPMENT_TEAM = TT62CQ796U;
				INFOPLIST_FILE = Source/Info.plist;
				IPHONEOS_DEPLOYMENT_TARGET = 13.0;
				LD_RUNPATH_SEARCH_PATHS = (
					"$(inherited)",
					"@executable_path/Frameworks",
				);
				PRODUCT_BUNDLE_IDENTIFIER = "vn.trungnguyenthien.Kiss-Sample";
				PRODUCT_NAME = "$(TARGET_NAME)";
				SWIFT_VERSION = 5.0;
				TARGETED_DEVICE_FAMILY = "1,2";
			};
			name = Debug;
		};
		871E448E247EB47C005671D1 /* Release */ = {
			isa = XCBuildConfiguration;
			buildSettings = {
				ASSETCATALOG_COMPILER_APPICON_NAME = AppIcon;
				CODE_SIGN_STYLE = Automatic;
				DEVELOPMENT_TEAM = TT62CQ796U;
				INFOPLIST_FILE = Source/Info.plist;
				IPHONEOS_DEPLOYMENT_TARGET = 13.0;
				LD_RUNPATH_SEARCH_PATHS = (
					"$(inherited)",
					"@executable_path/Frameworks",
				);
				PRODUCT_BUNDLE_IDENTIFIER = "vn.trungnguyenthien.Kiss-Sample";
				PRODUCT_NAME = "$(TARGET_NAME)";
				SWIFT_VERSION = 5.0;
				TARGETED_DEVICE_FAMILY = "1,2";
			};
			name = Release;
		};
/* End XCBuildConfiguration section */

/* Begin XCConfigurationList section */
		871E4473247EB47B005671D1 /* Build configuration list for PBXProject "Sample" */ = {
			isa = XCConfigurationList;
			buildConfigurations = (
				871E448A247EB47C005671D1 /* Debug */,
				871E448B247EB47C005671D1 /* Release */,
			);
			defaultConfigurationIsVisible = 0;
			defaultConfigurationName = Release;
		};
		871E448C247EB47C005671D1 /* Build configuration list for PBXNativeTarget "Sample" */ = {
			isa = XCConfigurationList;
			buildConfigurations = (
				871E448D247EB47C005671D1 /* Debug */,
				871E448E247EB47C005671D1 /* Release */,
			);
			defaultConfigurationIsVisible = 0;
			defaultConfigurationName = Release;
		};
/* End XCConfigurationList section */
	};
	rootObject = 871E4470247EB47B005671D1 /* Project object */;
}
