// !$*UTF8*$!
{
	archiveVersion = 1;
	classes = {
	};
	objectVersion = 50;
	objects = {

/* Begin PBXBuildFile section */
		871D4E0C24B9B1A400DC3531 /* AppDelegate.swift in Sources */ = {isa = PBXBuildFile; fileRef = 871D4E0B24B9B1A400DC3531 /* AppDelegate.swift */; };
		871D4E1524B9B1A600DC3531 /* Assets.xcassets in Resources */ = {isa = PBXBuildFile; fileRef = 871D4E1424B9B1A600DC3531 /* Assets.xcassets */; };
		871D4E1824B9B1A600DC3531 /* LaunchScreen.storyboard in Resources */ = {isa = PBXBuildFile; fileRef = 871D4E1624B9B1A600DC3531 /* LaunchScreen.storyboard */; };
		871D4E6424B9B42F00DC3531 /* Common.swift in Sources */ = {isa = PBXBuildFile; fileRef = 871D4E5F24B9B42F00DC3531 /* Common.swift */; };
		871D4E6524B9B42F00DC3531 /* ViewController.swift in Sources */ = {isa = PBXBuildFile; fileRef = 871D4E6024B9B42F00DC3531 /* ViewController.swift */; };
		871D4E6624B9B42F00DC3531 /* RamdomUserProvider.swift in Sources */ = {isa = PBXBuildFile; fileRef = 871D4E6124B9B42F00DC3531 /* RamdomUserProvider.swift */; };
		871D4E6724B9B42F00DC3531 /* RatingView.swift in Sources */ = {isa = PBXBuildFile; fileRef = 871D4E6224B9B42F00DC3531 /* RatingView.swift */; };
		871D4E6824B9B42F00DC3531 /* UserKissCell.swift in Sources */ = {isa = PBXBuildFile; fileRef = 871D4E6324B9B42F00DC3531 /* UserKissCell.swift */; };
		871D4E6F24B9B6BA00DC3531 /* Main.storyboard in Resources */ = {isa = PBXBuildFile; fileRef = 871D4E6D24B9B6B900DC3531 /* Main.storyboard */; };
		87BB37BF24BE5DCA002DF909 /* yoga.framework in Frameworks */ = {isa = PBXBuildFile; fileRef = 87BB37BD24BE5DCA002DF909 /* yoga.framework */; };
		87BB37C024BE5DCA002DF909 /* yoga.framework in Embed Frameworks */ = {isa = PBXBuildFile; fileRef = 87BB37BD24BE5DCA002DF909 /* yoga.framework */; settings = {ATTRIBUTES = (CodeSignOnCopy, RemoveHeadersOnCopy, ); }; };
		87BB37C124BE5DCA002DF909 /* YogaKit.framework in Frameworks */ = {isa = PBXBuildFile; fileRef = 87BB37BE24BE5DCA002DF909 /* YogaKit.framework */; };
		87BB37C224BE5DCA002DF909 /* YogaKit.framework in Embed Frameworks */ = {isa = PBXBuildFile; fileRef = 87BB37BE24BE5DCA002DF909 /* YogaKit.framework */; settings = {ATTRIBUTES = (CodeSignOnCopy, RemoveHeadersOnCopy, ); }; };
		87D0F4AC24C108FA007210C0 /* SceneDelegate.swift in Sources */ = {isa = PBXBuildFile; fileRef = 87D0F4AB24C108FA007210C0 /* SceneDelegate.swift */; };
		87D0F4B124C11257007210C0 /* CollectionGridKind.swift in Sources */ = {isa = PBXBuildFile; fileRef = 87D0F4B024C11257007210C0 /* CollectionGridKind.swift */; };
		87D0F4B424C112CB007210C0 /* uiFactory.swift in Sources */ = {isa = PBXBuildFile; fileRef = 87D0F4B324C112CB007210C0 /* uiFactory.swift */; };
		87D0F4B624C2368A007210C0 /* SUICell.swift in Sources */ = {isa = PBXBuildFile; fileRef = 87D0F4B524C2368A007210C0 /* SUICell.swift */; };
		87E556DA24BB61760088BAD3 /* Kiss.framework in Frameworks */ = {isa = PBXBuildFile; fileRef = 87E556D924BB61760088BAD3 /* Kiss.framework */; };
		87E556DB24BB61760088BAD3 /* Kiss.framework in Embed Frameworks */ = {isa = PBXBuildFile; fileRef = 87E556D924BB61760088BAD3 /* Kiss.framework */; settings = {ATTRIBUTES = (CodeSignOnCopy, RemoveHeadersOnCopy, ); }; };
/* End PBXBuildFile section */

/* Begin PBXCopyFilesBuildPhase section */
		87E556D824BB61550088BAD3 /* Embed Frameworks */ = {
			isa = PBXCopyFilesBuildPhase;
			buildActionMask = 2147483647;
			dstPath = "";
			dstSubfolderSpec = 10;
			files = (
				87BB37C024BE5DCA002DF909 /* yoga.framework in Embed Frameworks */,
				87E556DB24BB61760088BAD3 /* Kiss.framework in Embed Frameworks */,
				87BB37C224BE5DCA002DF909 /* YogaKit.framework in Embed Frameworks */,
			);
			name = "Embed Frameworks";
			runOnlyForDeploymentPostprocessing = 0;
		};
/* End PBXCopyFilesBuildPhase section */

/* Begin PBXFileReference section */
		871D4E0824B9B1A400DC3531 /* Sample.app */ = {isa = PBXFileReference; explicitFileType = wrapper.application; includeInIndex = 0; path = Sample.app; sourceTree = BUILT_PRODUCTS_DIR; };
		871D4E0B24B9B1A400DC3531 /* AppDelegate.swift */ = {isa = PBXFileReference; lastKnownFileType = sourcecode.swift; path = AppDelegate.swift; sourceTree = "<group>"; };
		871D4E1424B9B1A600DC3531 /* Assets.xcassets */ = {isa = PBXFileReference; lastKnownFileType = folder.assetcatalog; path = Assets.xcassets; sourceTree = "<group>"; };
		871D4E1724B9B1A600DC3531 /* Base */ = {isa = PBXFileReference; lastKnownFileType = file.storyboard; name = Base; path = Base.lproj/LaunchScreen.storyboard; sourceTree = "<group>"; };
		871D4E1924B9B1A600DC3531 /* Info.plist */ = {isa = PBXFileReference; lastKnownFileType = text.plist.xml; path = Info.plist; sourceTree = "<group>"; };
		871D4E5F24B9B42F00DC3531 /* Common.swift */ = {isa = PBXFileReference; fileEncoding = 4; lastKnownFileType = sourcecode.swift; path = Common.swift; sourceTree = "<group>"; };
		871D4E6024B9B42F00DC3531 /* ViewController.swift */ = {isa = PBXFileReference; fileEncoding = 4; lastKnownFileType = sourcecode.swift; path = ViewController.swift; sourceTree = "<group>"; };
		871D4E6124B9B42F00DC3531 /* RamdomUserProvider.swift */ = {isa = PBXFileReference; fileEncoding = 4; lastKnownFileType = sourcecode.swift; path = RamdomUserProvider.swift; sourceTree = "<group>"; };
		871D4E6224B9B42F00DC3531 /* RatingView.swift */ = {isa = PBXFileReference; fileEncoding = 4; lastKnownFileType = sourcecode.swift; path = RatingView.swift; sourceTree = "<group>"; };
		871D4E6324B9B42F00DC3531 /* UserKissCell.swift */ = {isa = PBXFileReference; fileEncoding = 4; lastKnownFileType = sourcecode.swift; path = UserKissCell.swift; sourceTree = "<group>"; };
		871D4E6E24B9B6B900DC3531 /* Base */ = {isa = PBXFileReference; lastKnownFileType = file.storyboard; name = Base; path = Base.lproj/Main.storyboard; sourceTree = "<group>"; };
		87BB37BD24BE5DCA002DF909 /* yoga.framework */ = {isa = PBXFileReference; explicitFileType = wrapper.framework; path = yoga.framework; sourceTree = BUILT_PRODUCTS_DIR; };
		87BB37BE24BE5DCA002DF909 /* YogaKit.framework */ = {isa = PBXFileReference; explicitFileType = wrapper.framework; path = YogaKit.framework; sourceTree = BUILT_PRODUCTS_DIR; };
		87D0F4AB24C108FA007210C0 /* SceneDelegate.swift */ = {isa = PBXFileReference; lastKnownFileType = sourcecode.swift; path = SceneDelegate.swift; sourceTree = "<group>"; };
		87D0F4B024C11257007210C0 /* CollectionGridKind.swift */ = {isa = PBXFileReference; lastKnownFileType = sourcecode.swift; path = CollectionGridKind.swift; sourceTree = "<group>"; };
		87D0F4B324C112CB007210C0 /* uiFactory.swift */ = {isa = PBXFileReference; lastKnownFileType = sourcecode.swift; path = uiFactory.swift; sourceTree = "<group>"; };
		87D0F4B524C2368A007210C0 /* SUICell.swift */ = {isa = PBXFileReference; lastKnownFileType = sourcecode.swift; path = SUICell.swift; sourceTree = "<group>"; };
		87E556D924BB61760088BAD3 /* Kiss.framework */ = {isa = PBXFileReference; explicitFileType = wrapper.framework; path = Kiss.framework; sourceTree = BUILT_PRODUCTS_DIR; };
/* End PBXFileReference section */

/* Begin PBXFrameworksBuildPhase section */
		871D4E0524B9B1A400DC3531 /* Frameworks */ = {
			isa = PBXFrameworksBuildPhase;
			buildActionMask = 2147483647;
			files = (
				87BB37BF24BE5DCA002DF909 /* yoga.framework in Frameworks */,
				87E556DA24BB61760088BAD3 /* Kiss.framework in Frameworks */,
				87BB37C124BE5DCA002DF909 /* YogaKit.framework in Frameworks */,
			);
			runOnlyForDeploymentPostprocessing = 0;
		};
/* End PBXFrameworksBuildPhase section */

/* Begin PBXGroup section */
		457BECC3F3EC70539AC63738 /* Frameworks */ = {
			isa = PBXGroup;
			children = (
				87BB37BD24BE5DCA002DF909 /* yoga.framework */,
				87BB37BE24BE5DCA002DF909 /* YogaKit.framework */,
				87E556D924BB61760088BAD3 /* Kiss.framework */,
			);
			name = Frameworks;
			sourceTree = "<group>";
		};
		871D4DFF24B9B1A400DC3531 = {
			isa = PBXGroup;
			children = (
				871D4E0A24B9B1A400DC3531 /* Sample */,
				871D4E0924B9B1A400DC3531 /* Products */,
				457BECC3F3EC70539AC63738 /* Frameworks */,
			);
			sourceTree = "<group>";
		};
		871D4E0924B9B1A400DC3531 /* Products */ = {
			isa = PBXGroup;
			children = (
				871D4E0824B9B1A400DC3531 /* Sample.app */,
			);
			name = Products;
			sourceTree = "<group>";
		};
		871D4E0A24B9B1A400DC3531 /* Sample */ = {
			isa = PBXGroup;
			children = (
				87D0F4B224C1128C007210C0 /* provider */,
				87D0F4AF24C11248007210C0 /* utility */,
				871D4E5F24B9B42F00DC3531 /* Common.swift */,
				871D4E6224B9B42F00DC3531 /* RatingView.swift */,
				871D4E6324B9B42F00DC3531 /* UserKissCell.swift */,
				871D4E0B24B9B1A400DC3531 /* AppDelegate.swift */,
				871D4E6024B9B42F00DC3531 /* ViewController.swift */,
				871D4E1424B9B1A600DC3531 /* Assets.xcassets */,
				871D4E1624B9B1A600DC3531 /* LaunchScreen.storyboard */,
				871D4E6D24B9B6B900DC3531 /* Main.storyboard */,
				871D4E1924B9B1A600DC3531 /* Info.plist */,
				87D0F4AB24C108FA007210C0 /* SceneDelegate.swift */,
				87D0F4B524C2368A007210C0 /* SUICell.swift */,
			);
			path = Sample;
			sourceTree = "<group>";
		};
		87D0F4AF24C11248007210C0 /* utility */ = {
			isa = PBXGroup;
			children = (
				87D0F4B024C11257007210C0 /* CollectionGridKind.swift */,
				87D0F4B324C112CB007210C0 /* uiFactory.swift */,
			);
			path = utility;
			sourceTree = "<group>";
		};
		87D0F4B224C1128C007210C0 /* provider */ = {
			isa = PBXGroup;
			children = (
				871D4E6124B9B42F00DC3531 /* RamdomUserProvider.swift */,
			);
			path = provider;
			sourceTree = "<group>";
		};
/* End PBXGroup section */

/* Begin PBXNativeTarget section */
		871D4E0724B9B1A400DC3531 /* Sample */ = {
			isa = PBXNativeTarget;
			buildConfigurationList = 871D4E1C24B9B1A600DC3531 /* Build configuration list for PBXNativeTarget "Sample" */;
			buildPhases = (
				871D4E0424B9B1A400DC3531 /* Sources */,
				871D4E0524B9B1A400DC3531 /* Frameworks */,
				871D4E0624B9B1A400DC3531 /* Resources */,
				870C462424BAAC63006F6235 /* ShellScript */,
				87E556D824BB61550088BAD3 /* Embed Frameworks */,
			);
			buildRules = (
			);
			dependencies = (
			);
			name = Sample;
			productName = Kiss;
			productReference = 871D4E0824B9B1A400DC3531 /* Sample.app */;
			productType = "com.apple.product-type.application";
		};
/* End PBXNativeTarget section */

/* Begin PBXProject section */
		871D4E0024B9B1A400DC3531 /* Project object */ = {
			isa = PBXProject;
			attributes = {
				LastSwiftUpdateCheck = 1150;
				LastUpgradeCheck = 1150;
				ORGANIZATIONNAME = trungnguyenthien;
				TargetAttributes = {
					871D4E0724B9B1A400DC3531 = {
						CreatedOnToolsVersion = 11.5;
					};
				};
			};
			buildConfigurationList = 871D4E0324B9B1A400DC3531 /* Build configuration list for PBXProject "Sample" */;
			compatibilityVersion = "Xcode 9.3";
			developmentRegion = en;
			hasScannedForEncodings = 0;
			knownRegions = (
				en,
				Base,
			);
			mainGroup = 871D4DFF24B9B1A400DC3531;
			productRefGroup = 871D4E0924B9B1A400DC3531 /* Products */;
			projectDirPath = "";
			projectRoot = "";
			targets = (
				871D4E0724B9B1A400DC3531 /* Sample */,
			);
		};
/* End PBXProject section */

/* Begin PBXResourcesBuildPhase section */
		871D4E0624B9B1A400DC3531 /* Resources */ = {
			isa = PBXResourcesBuildPhase;
			buildActionMask = 2147483647;
			files = (
				871D4E6F24B9B6BA00DC3531 /* Main.storyboard in Resources */,
				871D4E1824B9B1A600DC3531 /* LaunchScreen.storyboard in Resources */,
				871D4E1524B9B1A600DC3531 /* Assets.xcassets in Resources */,
			);
			runOnlyForDeploymentPostprocessing = 0;
		};
/* End PBXResourcesBuildPhase section */

/* Begin PBXShellScriptBuildPhase section */
		870C462424BAAC63006F6235 /* ShellScript */ = {
			isa = PBXShellScriptBuildPhase;
			buildActionMask = 2147483647;
			files = (
			);
			inputFileListPaths = (
			);
			inputPaths = (
			);
			outputFileListPaths = (
			);
			outputPaths = (
			);
			runOnlyForDeploymentPostprocessing = 0;
			shellPath = /bin/sh;
			shellScript = "for f in $(find $CODESIGNING_FOLDER_PATH -name '*.framework')\ndo\n    codesign --force --sign \"${CODE_SIGN_IDENTITY}\" --preserve-metadata=identifier,entitlements --timestamp=none \"$f\"\ndone\n";
		};
/* End PBXShellScriptBuildPhase section */

/* Begin PBXSourcesBuildPhase section */
		871D4E0424B9B1A400DC3531 /* Sources */ = {
			isa = PBXSourcesBuildPhase;
			buildActionMask = 2147483647;
			files = (
				871D4E6824B9B42F00DC3531 /* UserKissCell.swift in Sources */,
				87D0F4B624C2368A007210C0 /* SUICell.swift in Sources */,
				87D0F4AC24C108FA007210C0 /* SceneDelegate.swift in Sources */,
				871D4E6524B9B42F00DC3531 /* ViewController.swift in Sources */,
				87D0F4B124C11257007210C0 /* CollectionGridKind.swift in Sources */,
				871D4E6624B9B42F00DC3531 /* RamdomUserProvider.swift in Sources */,
				871D4E6424B9B42F00DC3531 /* Common.swift in Sources */,
				871D4E6724B9B42F00DC3531 /* RatingView.swift in Sources */,
				871D4E0C24B9B1A400DC3531 /* AppDelegate.swift in Sources */,
				87D0F4B424C112CB007210C0 /* uiFactory.swift in Sources */,
			);
			runOnlyForDeploymentPostprocessing = 0;
		};
/* End PBXSourcesBuildPhase section */

/* Begin PBXVariantGroup section */
		871D4E1624B9B1A600DC3531 /* LaunchScreen.storyboard */ = {
			isa = PBXVariantGroup;
			children = (
				871D4E1724B9B1A600DC3531 /* Base */,
			);
			name = LaunchScreen.storyboard;
			sourceTree = "<group>";
		};
		871D4E6D24B9B6B900DC3531 /* Main.storyboard */ = {
			isa = PBXVariantGroup;
			children = (
				871D4E6E24B9B6B900DC3531 /* Base */,
			);
			name = Main.storyboard;
			sourceTree = "<group>";
		};
/* End PBXVariantGroup section */

/* Begin XCBuildConfiguration section */
		871D4E1A24B9B1A600DC3531 /* Debug */ = {
			isa = XCBuildConfiguration;
			buildSettings = {
				ALWAYS_SEARCH_USER_PATHS = NO;
				CLANG_ANALYZER_NONNULL = YES;
				CLANG_ANALYZER_NUMBER_OBJECT_CONVERSION = YES_AGGRESSIVE;
				CLANG_CXX_LANGUAGE_STANDARD = "gnu++14";
				CLANG_CXX_LIBRARY = "libc++";
				CLANG_ENABLE_MODULES = YES;
				CLANG_ENABLE_OBJC_ARC = YES;
				CLANG_ENABLE_OBJC_WEAK = YES;
				CLANG_WARN_BLOCK_CAPTURE_AUTORELEASING = YES;
				CLANG_WARN_BOOL_CONVERSION = YES;
				CLANG_WARN_COMMA = YES;
				CLANG_WARN_CONSTANT_CONVERSION = YES;
				CLANG_WARN_DEPRECATED_OBJC_IMPLEMENTATIONS = YES;
				CLANG_WARN_DIRECT_OBJC_ISA_USAGE = YES_ERROR;
				CLANG_WARN_DOCUMENTATION_COMMENTS = YES;
				CLANG_WARN_EMPTY_BODY = YES;
				CLANG_WARN_ENUM_CONVERSION = YES;
				CLANG_WARN_INFINITE_RECURSION = YES;
				CLANG_WARN_INT_CONVERSION = YES;
				CLANG_WARN_NON_LITERAL_NULL_CONVERSION = YES;
				CLANG_WARN_OBJC_IMPLICIT_RETAIN_SELF = YES;
				CLANG_WARN_OBJC_LITERAL_CONVERSION = YES;
				CLANG_WARN_OBJC_ROOT_CLASS = YES_ERROR;
				CLANG_WARN_RANGE_LOOP_ANALYSIS = YES;
				CLANG_WARN_STRICT_PROTOTYPES = YES;
				CLANG_WARN_SUSPICIOUS_MOVE = YES;
				CLANG_WARN_UNGUARDED_AVAILABILITY = YES_AGGRESSIVE;
				CLANG_WARN_UNREACHABLE_CODE = YES;
				CLANG_WARN__DUPLICATE_METHOD_MATCH = YES;
				COPY_PHASE_STRIP = NO;
				DEBUG_INFORMATION_FORMAT = dwarf;
				ENABLE_STRICT_OBJC_MSGSEND = YES;
				ENABLE_TESTABILITY = YES;
				GCC_C_LANGUAGE_STANDARD = gnu11;
				GCC_DYNAMIC_NO_PIC = NO;
				GCC_NO_COMMON_BLOCKS = YES;
				GCC_OPTIMIZATION_LEVEL = 0;
				GCC_PREPROCESSOR_DEFINITIONS = (
					"DEBUG=1",
					"$(inherited)",
				);
				GCC_WARN_64_TO_32_BIT_CONVERSION = YES;
				GCC_WARN_ABOUT_RETURN_TYPE = YES_ERROR;
				GCC_WARN_UNDECLARED_SELECTOR = YES;
				GCC_WARN_UNINITIALIZED_AUTOS = YES_AGGRESSIVE;
				GCC_WARN_UNUSED_FUNCTION = YES;
				GCC_WARN_UNUSED_VARIABLE = YES;
				IPHONEOS_DEPLOYMENT_TARGET = 13.5;
				MTL_ENABLE_DEBUG_INFO = INCLUDE_SOURCE;
				MTL_FAST_MATH = YES;
				ONLY_ACTIVE_ARCH = YES;
				SDKROOT = iphoneos;
				SWIFT_ACTIVE_COMPILATION_CONDITIONS = DEBUG;
				SWIFT_OPTIMIZATION_LEVEL = "-Onone";
			};
			name = Debug;
		};
		871D4E1B24B9B1A600DC3531 /* Release */ = {
			isa = XCBuildConfiguration;
			buildSettings = {
				ALWAYS_SEARCH_USER_PATHS = NO;
				CLANG_ANALYZER_NONNULL = YES;
				CLANG_ANALYZER_NUMBER_OBJECT_CONVERSION = YES_AGGRESSIVE;
				CLANG_CXX_LANGUAGE_STANDARD = "gnu++14";
				CLANG_CXX_LIBRARY = "libc++";
				CLANG_ENABLE_MODULES = YES;
				CLANG_ENABLE_OBJC_ARC = YES;
				CLANG_ENABLE_OBJC_WEAK = YES;
				CLANG_WARN_BLOCK_CAPTURE_AUTORELEASING = YES;
				CLANG_WARN_BOOL_CONVERSION = YES;
				CLANG_WARN_COMMA = YES;
				CLANG_WARN_CONSTANT_CONVERSION = YES;
				CLANG_WARN_DEPRECATED_OBJC_IMPLEMENTATIONS = YES;
				CLANG_WARN_DIRECT_OBJC_ISA_USAGE = YES_ERROR;
				CLANG_WARN_DOCUMENTATION_COMMENTS = YES;
				CLANG_WARN_EMPTY_BODY = YES;
				CLANG_WARN_ENUM_CONVERSION = YES;
				CLANG_WARN_INFINITE_RECURSION = YES;
				CLANG_WARN_INT_CONVERSION = YES;
				CLANG_WARN_NON_LITERAL_NULL_CONVERSION = YES;
				CLANG_WARN_OBJC_IMPLICIT_RETAIN_SELF = YES;
				CLANG_WARN_OBJC_LITERAL_CONVERSION = YES;
				CLANG_WARN_OBJC_ROOT_CLASS = YES_ERROR;
				CLANG_WARN_RANGE_LOOP_ANALYSIS = YES;
				CLANG_WARN_STRICT_PROTOTYPES = YES;
				CLANG_WARN_SUSPICIOUS_MOVE = YES;
				CLANG_WARN_UNGUARDED_AVAILABILITY = YES_AGGRESSIVE;
				CLANG_WARN_UNREACHABLE_CODE = YES;
				CLANG_WARN__DUPLICATE_METHOD_MATCH = YES;
				COPY_PHASE_STRIP = NO;
				DEBUG_INFORMATION_FORMAT = "dwarf-with-dsym";
				ENABLE_NS_ASSERTIONS = NO;
				ENABLE_STRICT_OBJC_MSGSEND = YES;
				GCC_C_LANGUAGE_STANDARD = gnu11;
				GCC_NO_COMMON_BLOCKS = YES;
				GCC_WARN_64_TO_32_BIT_CONVERSION = YES;
				GCC_WARN_ABOUT_RETURN_TYPE = YES_ERROR;
				GCC_WARN_UNDECLARED_SELECTOR = YES;
				GCC_WARN_UNINITIALIZED_AUTOS = YES_AGGRESSIVE;
				GCC_WARN_UNUSED_FUNCTION = YES;
				GCC_WARN_UNUSED_VARIABLE = YES;
				IPHONEOS_DEPLOYMENT_TARGET = 13.5;
				MTL_ENABLE_DEBUG_INFO = NO;
				MTL_FAST_MATH = YES;
				SDKROOT = iphoneos;
				SWIFT_COMPILATION_MODE = wholemodule;
				SWIFT_OPTIMIZATION_LEVEL = "-O";
				VALIDATE_PRODUCT = YES;
			};
			name = Release;
		};
		871D4E1D24B9B1A600DC3531 /* Debug */ = {
			isa = XCBuildConfiguration;
			buildSettings = {
				ASSETCATALOG_COMPILER_APPICON_NAME = AppIcon;
				CODE_SIGN_STYLE = Automatic;
				DEVELOPMENT_TEAM = TT62CQ796U;
				INFOPLIST_FILE = Sample/Info.plist;
				IPHONEOS_DEPLOYMENT_TARGET = 13.0;
				LD_RUNPATH_SEARCH_PATHS = (
					"$(inherited)",
					"@executable_path/Frameworks",
				);
				PRODUCT_BUNDLE_IDENTIFIER = vn.trungnguyenthien.KissSample;
				PRODUCT_NAME = "$(TARGET_NAME)";
				SWIFT_VERSION = 5.0;
				TARGETED_DEVICE_FAMILY = "1,2";
			};
			name = Debug;
		};
		871D4E1E24B9B1A600DC3531 /* Release */ = {
			isa = XCBuildConfiguration;
			buildSettings = {
				ASSETCATALOG_COMPILER_APPICON_NAME = AppIcon;
				CODE_SIGN_STYLE = Automatic;
				DEVELOPMENT_TEAM = TT62CQ796U;
				INFOPLIST_FILE = Sample/Info.plist;
				IPHONEOS_DEPLOYMENT_TARGET = 13.0;
				LD_RUNPATH_SEARCH_PATHS = (
					"$(inherited)",
					"@executable_path/Frameworks",
				);
				PRODUCT_BUNDLE_IDENTIFIER = vn.trungnguyenthien.KissSample;
				PRODUCT_NAME = "$(TARGET_NAME)";
				SWIFT_VERSION = 5.0;
				TARGETED_DEVICE_FAMILY = "1,2";
			};
			name = Release;
		};
/* End XCBuildConfiguration section */

/* Begin XCConfigurationList section */
		871D4E0324B9B1A400DC3531 /* Build configuration list for PBXProject "Sample" */ = {
			isa = XCConfigurationList;
			buildConfigurations = (
				871D4E1A24B9B1A600DC3531 /* Debug */,
				871D4E1B24B9B1A600DC3531 /* Release */,
			);
			defaultConfigurationIsVisible = 0;
			defaultConfigurationName = Release;
		};
		871D4E1C24B9B1A600DC3531 /* Build configuration list for PBXNativeTarget "Sample" */ = {
			isa = XCConfigurationList;
			buildConfigurations = (
				871D4E1D24B9B1A600DC3531 /* Debug */,
				871D4E1E24B9B1A600DC3531 /* Release */,
			);
			defaultConfigurationIsVisible = 0;
			defaultConfigurationName = Release;
		};
/* End XCConfigurationList section */
	};
	rootObject = 871D4E0024B9B1A400DC3531 /* Project object */;
}
